
Microsoft Visual Studio Solution File, Format Version 12.00
# Visual Studio 2012
VisualStudioVersion = 12.0.21005.1
MinimumVisualStudioVersion = 10.0.40219.1
Project("{FAE04EC0-301F-11D3-BF4B-00C04F79EFBC}") = "Common", "Common\Common.csproj", "{B285A545-5314-4ECE-97F4-08E89D88A9AF}"
EndProject
Project("{FAE04EC0-301F-11D3-BF4B-00C04F79EFBC}") = "WebProvider", "WebProvider\WebProvider.csproj", "{B354DA5D-DDC9-419C-8713-2305C08C830D}"
EndProject
Project("{FAE04EC0-301F-11D3-BF4B-00C04F79EFBC}") = "MonoTest", "MonoTest\MonoTest.csproj", "{DA38B0BA-2607-45A0-8DDB-604912C6FCBB}"
EndProject
Project("{FAE04EC0-301F-11D3-BF4B-00C04F79EFBC}") = "rcj", "rcj\rcj.csproj", "{84B3FB91-C529-43EC-9CA4-37377A3356A4}"
EndProject
Project("{FAE04EC0-301F-11D3-BF4B-00C04F79EFBC}") = "Editor", "Editor\Editor.csproj", "{C7D7A14C-F70B-459E-B3BA-A096EF64EB93}"
EndProject
Project("{FAE04EC0-301F-11D3-BF4B-00C04F79EFBC}") = "OpWeb", "OpWeb\OpWeb.csproj", "{9AD0D6C8-FBC9-4329-A14C-529BA221FC29}"
EndProject
Project("{2150E333-8FDC-42A3-9474-1A3956D46DE8}") = "dll", "dll", "{00A338CF-ABF7-40BC-A0EE-8F8C30B99F51}"
	ProjectSection(SolutionItems) = preProject
		dll\nunit.framework.dll = dll\nunit.framework.dll
		dll\Microsoft.Web.Infrastructure.dll = dll\Microsoft.Web.Infrastructure.dll
		dll\MySql.Data.dll = dll\MySql.Data.dll
		dll\MySql.Data.Entity.dll = dll\MySql.Data.Entity.dll
		dll\MySql.Data.Entity.EF6.dll = dll\MySql.Data.Entity.EF6.dll
		dll\MySql.Fabric.Plugin.dll = dll\MySql.Fabric.Plugin.dll
		dll\MySql.Web.dll = dll\MySql.Web.dll
		dll\Newtonsoft.Json.dll = dll\Newtonsoft.Json.dll
		dll\Newtonsoft.Json.xml = dll\Newtonsoft.Json.xml
		dll\nunit.framework.dll = dll\nunit.framework.dll
		dll\nunit.framework.xml = dll\nunit.framework.xml
		dll\System.Web.Helpers.dll = dll\System.Web.Helpers.dll
		dll\System.Web.Helpers.xml = dll\System.Web.Helpers.xml
		dll\System.Web.Mvc.dll = dll\System.Web.Mvc.dll
		dll\System.Web.Mvc.xml = dll\System.Web.Mvc.xml
		dll\System.Web.Razor.dll = dll\System.Web.Razor.dll
		dll\System.Web.Razor.xml = dll\System.Web.Razor.xml
		dll\System.Web.WebPages.Deployment.dll = dll\System.Web.WebPages.Deployment.dll
		dll\System.Web.WebPages.Deployment.xml = dll\System.Web.WebPages.Deployment.xml
		dll\System.Web.WebPages.dll = dll\System.Web.WebPages.dll
		dll\System.Web.WebPages.Razor.dll = dll\System.Web.WebPages.Razor.dll
		dll\System.Web.WebPages.Razor.xml = dll\System.Web.WebPages.Razor.xml
		dll\System.Web.WebPages.xml = dll\System.Web.WebPages.xml
	EndProjectSection
EndProject
Project("{FAE04EC0-301F-11D3-BF4B-00C04F79EFBC}") = "WebOp", "WebOp\WebOp.csproj", "{040344D6-21D3-45D6-A119-0F596209B88C}"
EndProject
Project("{FAE04EC0-301F-11D3-BF4B-00C04F79EFBC}") = "WebBlog", "WebBlog\WebBlog.csproj", "{1C64136B-629A-4783-AE67-936CC7A472F5}"
EndProject
Project("{FAE04EC0-301F-11D3-BF4B-00C04F79EFBC}") = "WebHi", "WebHi\WebHi.csproj", "{19EFD1AB-4296-45BC-BADF-438E3F54D62C}"
EndProject
Global
	GlobalSection(SolutionConfigurationPlatforms) = preSolution
		Debug|Any CPU = Debug|Any CPU
		Release|Any CPU = Release|Any CPU
	EndGlobalSection
	GlobalSection(ProjectConfigurationPlatforms) = postSolution
		{040344D6-21D3-45D6-A119-0F596209B88C}.Debug|Any CPU.ActiveCfg = Debug|Any CPU
		{040344D6-21D3-45D6-A119-0F596209B88C}.Debug|Any CPU.Build.0 = Debug|Any CPU
		{040344D6-21D3-45D6-A119-0F596209B88C}.Release|Any CPU.ActiveCfg = Release|Any CPU
		{040344D6-21D3-45D6-A119-0F596209B88C}.Release|Any CPU.Build.0 = Release|Any CPU
		{19EFD1AB-4296-45BC-BADF-438E3F54D62C}.Debug|Any CPU.ActiveCfg = Debug|Any CPU
		{19EFD1AB-4296-45BC-BADF-438E3F54D62C}.Debug|Any CPU.Build.0 = Debug|Any CPU
		{19EFD1AB-4296-45BC-BADF-438E3F54D62C}.Release|Any CPU.ActiveCfg = Release|Any CPU
		{19EFD1AB-4296-45BC-BADF-438E3F54D62C}.Release|Any CPU.Build.0 = Release|Any CPU
		{1C64136B-629A-4783-AE67-936CC7A472F5}.Debug|Any CPU.ActiveCfg = Debug|Any CPU
		{1C64136B-629A-4783-AE67-936CC7A472F5}.Debug|Any CPU.Build.0 = Debug|Any CPU
		{1C64136B-629A-4783-AE67-936CC7A472F5}.Release|Any CPU.ActiveCfg = Release|Any CPU
		{1C64136B-629A-4783-AE67-936CC7A472F5}.Release|Any CPU.Build.0 = Release|Any CPU
		{84B3FB91-C529-43EC-9CA4-37377A3356A4}.Debug|Any CPU.ActiveCfg = Debug|Any CPU
		{84B3FB91-C529-43EC-9CA4-37377A3356A4}.Debug|Any CPU.Build.0 = Debug|Any CPU
		{84B3FB91-C529-43EC-9CA4-37377A3356A4}.Release|Any CPU.ActiveCfg = Release|Any CPU
		{84B3FB91-C529-43EC-9CA4-37377A3356A4}.Release|Any CPU.Build.0 = Release|Any CPU
		{9AD0D6C8-FBC9-4329-A14C-529BA221FC29}.Debug|Any CPU.ActiveCfg = Debug|Any CPU
		{9AD0D6C8-FBC9-4329-A14C-529BA221FC29}.Debug|Any CPU.Build.0 = Debug|Any CPU
		{9AD0D6C8-FBC9-4329-A14C-529BA221FC29}.Release|Any CPU.ActiveCfg = Release|Any CPU
		{9AD0D6C8-FBC9-4329-A14C-529BA221FC29}.Release|Any CPU.Build.0 = Release|Any CPU
		{B285A545-5314-4ECE-97F4-08E89D88A9AF}.Debug|Any CPU.ActiveCfg = Debug|Any CPU
		{B285A545-5314-4ECE-97F4-08E89D88A9AF}.Debug|Any CPU.Build.0 = Debug|Any CPU
		{B285A545-5314-4ECE-97F4-08E89D88A9AF}.Release|Any CPU.ActiveCfg = Release|Any CPU
		{B285A545-5314-4ECE-97F4-08E89D88A9AF}.Release|Any CPU.Build.0 = Release|Any CPU
		{B354DA5D-DDC9-419C-8713-2305C08C830D}.Debug|Any CPU.ActiveCfg = Debug|Any CPU
		{B354DA5D-DDC9-419C-8713-2305C08C830D}.Debug|Any CPU.Build.0 = Debug|Any CPU
		{B354DA5D-DDC9-419C-8713-2305C08C830D}.Release|Any CPU.ActiveCfg = Release|Any CPU
		{B354DA5D-DDC9-419C-8713-2305C08C830D}.Release|Any CPU.Build.0 = Release|Any CPU
		{C7D7A14C-F70B-459E-B3BA-A096EF64EB93}.Debug|Any CPU.ActiveCfg = Debug|Any CPU
		{C7D7A14C-F70B-459E-B3BA-A096EF64EB93}.Debug|Any CPU.Build.0 = Debug|Any CPU
		{C7D7A14C-F70B-459E-B3BA-A096EF64EB93}.Release|Any CPU.ActiveCfg = Release|Any CPU
		{C7D7A14C-F70B-459E-B3BA-A096EF64EB93}.Release|Any CPU.Build.0 = Release|Any CPU
		{DA38B0BA-2607-45A0-8DDB-604912C6FCBB}.Debug|Any CPU.ActiveCfg = Debug|Any CPU
		{DA38B0BA-2607-45A0-8DDB-604912C6FCBB}.Debug|Any CPU.Build.0 = Debug|Any CPU
		{DA38B0BA-2607-45A0-8DDB-604912C6FCBB}.Release|Any CPU.ActiveCfg = Release|Any CPU
		{DA38B0BA-2607-45A0-8DDB-604912C6FCBB}.Release|Any CPU.Build.0 = Release|Any CPU
	EndGlobalSection
	GlobalSection(NestedProjects) = preSolution
	EndGlobalSection
	GlobalSection(SolutionProperties) = preSolution
		HideSolutionNode = FALSE
	EndGlobalSection
EndGlobal
